
Microsoft Visual Studio Solution File, Format Version 12.00
# Visual Studio Version 16
VisualStudioVersion = 16.0.31205.134
MinimumVisualStudioVersion = 10.0.40219.1
Project("{FAE04EC0-301F-11D3-BF4B-00C04F79EFBC}") = "GreenFlux.SmartCharging.Matheus.API", "GreenFlux.SmartCharging.Matheus.API\GreenFlux.SmartCharging.Matheus.API.csproj", "{43F9BB4F-6DAF-4654-AE55-97C5FD7F3B79}"
EndProject
Global
	GlobalSection(SolutionConfigurationPlatforms) = preSolution
		Debug|Any CPU = Debug|Any CPU
		Release|Any CPU = Release|Any CPU
	EndGlobalSection
	GlobalSection(ProjectConfigurationPlatforms) = postSolution
		{43F9BB4F-6DAF-4654-AE55-97C5FD7F3B79}.Debug|Any CPU.ActiveCfg = Debug|Any CPU
		{43F9BB4F-6DAF-4654-AE55-97C5FD7F3B79}.Debug|Any CPU.Build.0 = Debug|Any CPU
		{43F9BB4F-6DAF-4654-AE55-97C5FD7F3B79}.Release|Any CPU.ActiveCfg = Release|Any CPU
		{43F9BB4F-6DAF-4654-AE55-97C5FD7F3B79}.Release|Any CPU.Build.0 = Release|Any CPU
	EndGlobalSection
	GlobalSection(SolutionProperties) = preSolution
		HideSolutionNode = FALSE
	EndGlobalSection
	GlobalSection(ExtensibilityGlobals) = postSolution
		SolutionGuid = {88587047-D1D8-43E6-8B58-240AEF713C2D}
	EndGlobalSection
EndGlobal
