
Microsoft Visual Studio Solution File, Format Version 12.00
# Visual Studio Version 16
VisualStudioVersion = 16.0.31205.134
MinimumVisualStudioVersion = 10.0.40219.1
Project("{9A19103F-16F7-4668-BE54-9A1E7A4F7556}") = "GreenFlux.SmartCharging.Matheus.API", "GreenFlux.SmartCharging.Matheus.API\GreenFlux.SmartCharging.Matheus.API.csproj", "{43F9BB4F-6DAF-4654-AE55-97C5FD7F3B79}"
EndProject
Project("{2150E333-8FDC-42A3-9474-1A3956D46DE8}") = "Solution Items", "Solution Items", "{C7D1E504-B818-4FE6-9D85-E75421DE3963}"
	ProjectSection(SolutionItems) = preProject
		..\.gitignore = ..\.gitignore
		..\LICENSE = ..\LICENSE
		..\README.md = ..\README.md
	EndProjectSection
EndProject
Global
	GlobalSection(SolutionConfigurationPlatforms) = preSolution
		Debug|Any CPU = Debug|Any CPU
		Release|Any CPU = Release|Any CPU
	EndGlobalSection
	GlobalSection(ProjectConfigurationPlatforms) = postSolution
		{43F9BB4F-6DAF-4654-AE55-97C5FD7F3B79}.Debug|Any CPU.ActiveCfg = Debug|Any CPU
		{43F9BB4F-6DAF-4654-AE55-97C5FD7F3B79}.Debug|Any CPU.Build.0 = Debug|Any CPU
		{43F9BB4F-6DAF-4654-AE55-97C5FD7F3B79}.Release|Any CPU.ActiveCfg = Release|Any CPU
		{43F9BB4F-6DAF-4654-AE55-97C5FD7F3B79}.Release|Any CPU.Build.0 = Release|Any CPU
	EndGlobalSection
	GlobalSection(SolutionProperties) = preSolution
		HideSolutionNode = FALSE
	EndGlobalSection
	GlobalSection(ExtensibilityGlobals) = postSolution
		SolutionGuid = {88587047-D1D8-43E6-8B58-240AEF713C2D}
	EndGlobalSection
EndGlobal
